
Microsoft Visual Studio Solution File, Format Version 12.00
# Visual Studio Version 16
VisualStudioVersion = 16.0.34114.132
MinimumVisualStudioVersion = 10.0.40219.1
Project("{FAE04EC0-301F-11D3-BF4B-00C04F79EFBC}") = "Final_Assessment", "Final_Assessment\Final_Assessment.csproj", "{0ADCB265-8A97-4B85-9921-12EF4E657703}"
EndProject
Global
	GlobalSection(SolutionConfigurationPlatforms) = preSolution
		Debug|Any CPU = Debug|Any CPU
		Release|Any CPU = Release|Any CPU
	EndGlobalSection
	GlobalSection(ProjectConfigurationPlatforms) = postSolution
		{0ADCB265-8A97-4B85-9921-12EF4E657703}.Debug|Any CPU.ActiveCfg = Debug|Any CPU
		{0ADCB265-8A97-4B85-9921-12EF4E657703}.Debug|Any CPU.Build.0 = Debug|Any CPU
		{0ADCB265-8A97-4B85-9921-12EF4E657703}.Release|Any CPU.ActiveCfg = Release|Any CPU
		{0ADCB265-8A97-4B85-9921-12EF4E657703}.Release|Any CPU.Build.0 = Release|Any CPU
	EndGlobalSection
	GlobalSection(SolutionProperties) = preSolution
		HideSolutionNode = FALSE
	EndGlobalSection
	GlobalSection(ExtensibilityGlobals) = postSolution
		SolutionGuid = {1116B9FF-1914-4B01-8E31-04C06EA92FB2}
	EndGlobalSection
EndGlobal
